PODS:
  - AMTagListView (0.4)
  - Bolts (1.1.1)
  - Facebook-iOS-SDK (3.14.1):
    - Bolts
  - FrameAccessor (1.3.2)
  - GraphKit (1.1.1):
    - FrameAccessor (~> 1.3.2)
    - MKFoundationKit/NSArray (~> 1.2.2)
  - HTAutocompleteTextField (1.3.2)
  - MDCSwipeToChoose (0.2.1)
  - MKFoundationKit/NSArray (1.2.2)
  - PNChart (0.5):
    - UICountingLabel (~> 1.0.0)
  - UICountingLabel (1.0.0)

DEPENDENCIES:
  - AMTagListView
  - Facebook-iOS-SDK (= 3.14.1)
  - GraphKit (= 1.1.1)
  - HTAutocompleteTextField
  - MDCSwipeToChoose
  - PNChart (~> 0.5)

SPEC CHECKSUMS:
  AMTagListView: 813647966e1ff37957475af271e20358a1ba76c6
  Bolts: 0ca796081c3e7c139bd86d6903c27f1b83036a5d
  Facebook-iOS-SDK: e9b3d5ac54ee3e5e693f4eef470b97911b3d076d
  FrameAccessor: 5eec95b29b5e9a3afe72a7a2e9ed25b000d3bcc3
  GraphKit: 951cdad6f6fad9f77e06185af3e1c20be349061b
  HTAutocompleteTextField: 554b1eb39e58a54cb2078a063e078d263ae05a76
  MDCSwipeToChoose: 54f7b1675eff182cdc46c582360c7fca4c766a67
  MKFoundationKit: f8a268133483c1aa686f208d3944624cc0e68dd2
  PNChart: 0d0cf4531de3aa7f2b12434a54845d70d9c9cfe3
  UICountingLabel: 0a0e9e34bf4690dbd127aaec552d19ed938087a9

COCOAPODS: 0.33.1
